<?xml version="1.0" encoding="utf-8"?>
<Project ToolsVersion="4.0" xmlns="http://schemas.microsoft.com/developer/msbuild/2003">
  <ItemGroup>
    <Filter Include="File di origine">
      <UniqueIdentifier>{4FC737F1-C7A5-4376-A066-2A32D752A2FF}</UniqueIdentifier>
      <Extensions>cpp;c;cc;cxx;c++;cppm;ixx;def;odl;idl;hpj;bat;asm;asmx</Extensions>
    </Filter>
    <Filter Include="File di intestazione">
      <UniqueIdentifier>{93995380-89BD-4b04-88EB-625FBE52EBFB}</UniqueIdentifier>
      <Extensions>h;hh;hpp;hxx;h++;hm;inl;inc;ipp;xsd</Extensions>
    </Filter>
    <Filter Include="File di risorse">
      <UniqueIdentifier>{67DA6AB6-F800-4c08-8B7A-83BB121AAD01}</UniqueIdentifier>
      <Extensions>rc;ico;cur;bmp;dlg;rc2;rct;bin;rgs;gif;jpg;jpeg;jpe;resx;tiff;tif;png;wav;mfcribbon-ms</Extensions>
    </Filter>
    <Filter Include="File di origine\Sorting">
      <UniqueIdentifier>{c7b7d8c1-4eed-43b3-8d69-fbc9d09493b5}</UniqueIdentifier>
      <Extensions>
      </Extensions>
    </Filter>
    <Filter Include="File di intestazione\Sorting">
      <UniqueIdentifier>{1277e707-6429-409c-b672-c2d3e47b1057}</UniqueIdentifier>
    </Filter>
    <Filter Include="File di intestazione\Sorting\Linear">
      <UniqueIdentifier>{bc696993-fd5c-49dc-bd71-909974a14d05}</UniqueIdentifier>
    </Filter>
    <Filter Include="File di origine\Sorting\Linear">
      <UniqueIdentifier>{383d5d59-e7f9-4236-927c-464dc910a569}</UniqueIdentifier>
    </Filter>
    <Filter Include="File di intestazione\Other">
      <UniqueIdentifier>{b22a523c-836a-4375-b26e-f1070f300b5e}</UniqueIdentifier>
    </Filter>
  </ItemGroup>
  <ItemGroup>
    <ClCompile Include="Utils.cpp">
      <Filter>File di origine</Filter>
    </ClCompile>
    <ClCompile Include="Algorithms.cpp">
      <Filter>File di origine</Filter>
    </ClCompile>
    <ClCompile Include="HeapSort.cpp">
      <Filter>File di origine\Sorting</Filter>
    </ClCompile>
    <ClCompile Include="InsertionSort.cpp">
      <Filter>File di origine\Sorting</Filter>
    </ClCompile>
    <ClCompile Include="MergeSort.cpp">
      <Filter>File di origine\Sorting</Filter>
    </ClCompile>
    <ClCompile Include="CountingSort.cpp">
      <Filter>File di origine\Sorting\Linear</Filter>
    </ClCompile>
    <ClCompile Include="RadixSort.cpp">
      <Filter>File di origine\Sorting\Linear</Filter>
    </ClCompile>
    <ClCompile Include="BucketSort.cpp">
      <Filter>File di origine\Sorting\Linear</Filter>
    </ClCompile>
    <ClCompile Include="QuickSort.cpp">
      <Filter>File di origine\Sorting</Filter>
    </ClCompile>
  </ItemGroup>
  <ItemGroup>
    <ClInclude Include="Utils.h">
      <Filter>File di intestazione</Filter>
    </ClInclude>
    <ClInclude Include="HeapSort.h">
      <Filter>File di intestazione\Sorting</Filter>
    </ClInclude>
    <ClInclude Include="InsertionSort.h">
      <Filter>File di intestazione\Sorting</Filter>
    </ClInclude>
    <ClInclude Include="MergeSort.h">
      <Filter>File di intestazione\Sorting</Filter>
    </ClInclude>
    <ClInclude Include="QuickSort.h">
      <Filter>File di intestazione\Sorting</Filter>
    </ClInclude>
    <ClInclude Include="CountingSort.h">
      <Filter>File di intestazione\Sorting\Linear</Filter>
    </ClInclude>
    <ClInclude Include="RadixSort.h">
      <Filter>File di intestazione\Sorting\Linear</Filter>
    </ClInclude>
    <ClInclude Include="BucketSort.h">
      <Filter>File di intestazione\Sorting\Linear</Filter>
    </ClInclude>
    <ClInclude Include="Algorithm.h">
      <Filter>File di intestazione</Filter>
    </ClInclude>
    <ClInclude Include="Sorting.h">
      <Filter>File di intestazione</Filter>
    </ClInclude>
  </ItemGroup>
</Project>